// !$*UTF8*$!
{
	archiveVersion = 1;
	classes = {
	};
	objectVersion = 56;
	objects = {

/* Begin PBXBuildFile section */
		02096AC52A6A41A70078374F /* AppDelegate.swift in Sources */ = {isa = PBXBuildFile; fileRef = 02096AC42A6A41A70078374F /* AppDelegate.swift */; };
		02096AC72A6A41A70078374F /* SceneDelegate.swift in Sources */ = {isa = PBXBuildFile; fileRef = 02096AC62A6A41A70078374F /* SceneDelegate.swift */; };
		02096AC92A6A41A70078374F /* HomeViewController.swift in Sources */ = {isa = PBXBuildFile; fileRef = 02096AC82A6A41A70078374F /* HomeViewController.swift */; };
		02096ACE2A6A41A80078374F /* Assets.xcassets in Resources */ = {isa = PBXBuildFile; fileRef = 02096ACD2A6A41A80078374F /* Assets.xcassets */; };
		02096AD12A6A41A80078374F /* LaunchScreen.storyboard in Resources */ = {isa = PBXBuildFile; fileRef = 02096ACF2A6A41A80078374F /* LaunchScreen.storyboard */; };
		02096ADB2A6A45A00078374F /* Cover.png in Resources */ = {isa = PBXBuildFile; fileRef = 02096ADA2A6A45A00078374F /* Cover.png */; };
		02096AE32A6A49F10078374F /* BaseViewController.swift in Sources */ = {isa = PBXBuildFile; fileRef = 02096AE22A6A49F10078374F /* BaseViewController.swift */; };
		02096AE52A6A4ACE0078374F /* MainViewController.swift in Sources */ = {isa = PBXBuildFile; fileRef = 02096AE42A6A4ACE0078374F /* MainViewController.swift */; };
		02096AE72A6A4E220078374F /* GoogleService-Info.plist in Resources */ = {isa = PBXBuildFile; fileRef = 02096AE62A6A4E220078374F /* GoogleService-Info.plist */; };
		02598AC62A6CB89F00BB2ACD /* CommentsViewController.swift in Sources */ = {isa = PBXBuildFile; fileRef = 02598AC52A6CB89F00BB2ACD /* CommentsViewController.swift */; };
		02598AC92A6CC88200BB2ACD /* PostComment.swift in Sources */ = {isa = PBXBuildFile; fileRef = 02598AC82A6CC88200BB2ACD /* PostComment.swift */; };
		02598ACB2A6CC8C800BB2ACD /* Person.swift in Sources */ = {isa = PBXBuildFile; fileRef = 02598ACA2A6CC8C800BB2ACD /* Person.swift */; };
		02598ACD2A6CD6D400BB2ACD /* CommentTableViewCell.swift in Sources */ = {isa = PBXBuildFile; fileRef = 02598ACC2A6CD6D400BB2ACD /* CommentTableViewCell.swift */; };
		02598ACF2A6CDA5B00BB2ACD /* String+Extension.swift in Sources */ = {isa = PBXBuildFile; fileRef = 02598ACE2A6CDA5B00BB2ACD /* String+Extension.swift */; };
		02598AD12A6CDAA800BB2ACD /* DateFormatter+Extension.swift in Sources */ = {isa = PBXBuildFile; fileRef = 02598AD02A6CDAA800BB2ACD /* DateFormatter+Extension.swift */; };
		026ECC912A6EE2A600697757 /* ProfileViewController.swift in Sources */ = {isa = PBXBuildFile; fileRef = 026ECC902A6EE2A600697757 /* ProfileViewController.swift */; };
		026ECC932A6EE48000697757 /* video.mp4 in Resources */ = {isa = PBXBuildFile; fileRef = 026ECC922A6EE48000697757 /* video.mp4 */; };
		026ECC962A6EEFFD00697757 /* ExploreViewController.swift in Sources */ = {isa = PBXBuildFile; fileRef = 026ECC952A6EEFFD00697757 /* ExploreViewController.swift */; };
		026ECC992A6F540E00697757 /* ExploreSection.swift in Sources */ = {isa = PBXBuildFile; fileRef = 026ECC982A6F540E00697757 /* ExploreSection.swift */; };
		026ECC9B2A6F542C00697757 /* ExploreCell.swift in Sources */ = {isa = PBXBuildFile; fileRef = 026ECC9A2A6F542C00697757 /* ExploreCell.swift */; };
		026ECC9D2A6F544200697757 /* ExploreSectionType.swift in Sources */ = {isa = PBXBuildFile; fileRef = 026ECC9C2A6F544200697757 /* ExploreSectionType.swift */; };
		026ECC9F2A6F545B00697757 /* ExploreResponse.swift in Sources */ = {isa = PBXBuildFile; fileRef = 026ECC9E2A6F545B00697757 /* ExploreResponse.swift */; };
		026ECCA12A6F548800697757 /* Banner.swift in Sources */ = {isa = PBXBuildFile; fileRef = 026ECCA02A6F548800697757 /* Banner.swift */; };
		026ECCA52A6F54BE00697757 /* Post.swift in Sources */ = {isa = PBXBuildFile; fileRef = 026ECCA42A6F54BE00697757 /* Post.swift */; };
		026ECCA72A6F54E100697757 /* Hashtag.swift in Sources */ = {isa = PBXBuildFile; fileRef = 026ECCA62A6F54E100697757 /* Hashtag.swift */; };
		026ECCA92A6F54F400697757 /* Creator.swift in Sources */ = {isa = PBXBuildFile; fileRef = 026ECCA82A6F54F400697757 /* Creator.swift */; };
		026F49632A6FB9EB00F3A7D0 /* explore.json in Resources */ = {isa = PBXBuildFile; fileRef = 026F49622A6FB9EB00F3A7D0 /* explore.json */; };
		026F49652A6FBA6500F3A7D0 /* Bundle+Extension.swift in Sources */ = {isa = PBXBuildFile; fileRef = 026F49642A6FBA6500F3A7D0 /* Bundle+Extension.swift */; };
		026F49672A6FBAAA00F3A7D0 /* ExploreManager.swift in Sources */ = {isa = PBXBuildFile; fileRef = 026F49662A6FBAAA00F3A7D0 /* ExploreManager.swift */; };
		026F496A2A6FCCB900F3A7D0 /* ExploreBannerViewModel.swift in Sources */ = {isa = PBXBuildFile; fileRef = 026F49692A6FCCB900F3A7D0 /* ExploreBannerViewModel.swift */; };
		0285631A2A6AEB820022C49E /* PostViewController.swift in Sources */ = {isa = PBXBuildFile; fileRef = 028563192A6AEB820022C49E /* PostViewController.swift */; };
		0285631C2A6AEB9B0022C49E /* PostModel.swift in Sources */ = {isa = PBXBuildFile; fileRef = 0285631B2A6AEB9B0022C49E /* PostModel.swift */; };
		02B0B5E42A6A87760057455C /* StorageManager.swift in Sources */ = {isa = PBXBuildFile; fileRef = 02B0B5E32A6A87760057455C /* StorageManager.swift */; };
		02B0B5E62A6A88210057455C /* DatabaseManager.swift in Sources */ = {isa = PBXBuildFile; fileRef = 02B0B5E52A6A88210057455C /* DatabaseManager.swift */; };
		02B0B5E82A6A88AC0057455C /* AuthManager.swift in Sources */ = {isa = PBXBuildFile; fileRef = 02B0B5E72A6A88AC0057455C /* AuthManager.swift */; };
		02B0B5EA2A6A89470057455C /* HapticsManager.swift in Sources */ = {isa = PBXBuildFile; fileRef = 02B0B5E92A6A89470057455C /* HapticsManager.swift */; };
		02B0B5ED2A6A8F2B0057455C /* UIView+Extensions.swift in Sources */ = {isa = PBXBuildFile; fileRef = 02B0B5EC2A6A8F2B0057455C /* UIView+Extensions.swift */; };
		02CB80432A70D55100D59694 /* ExploreBannerCollectionViewCell.swift in Sources */ = {isa = PBXBuildFile; fileRef = 02CB80422A70D55100D59694 /* ExploreBannerCollectionViewCell.swift */; };
		02CB80452A70D82900D59694 /* ExplorePostCollectionViewCell.swift in Sources */ = {isa = PBXBuildFile; fileRef = 02CB80442A70D82900D59694 /* ExplorePostCollectionViewCell.swift */; };
		02CB80472A70E59700D59694 /* ExploreUserCollectionViewCell.swift in Sources */ = {isa = PBXBuildFile; fileRef = 02CB80462A70E59700D59694 /* ExploreUserCollectionViewCell.swift */; };
		02CB80492A70E69900D59694 /* ExploreHashtagCollectionViewCell.swift in Sources */ = {isa = PBXBuildFile; fileRef = 02CB80482A70E69900D59694 /* ExploreHashtagCollectionViewCell.swift */; };
		868D10F7A1AB9FBB30A76B1F /* Pods_TikTok.framework in Frameworks */ = {isa = PBXBuildFile; fileRef = C97EFA2075DD4092B4BA70E4 /* Pods_TikTok.framework */; };
/* End PBXBuildFile section */

/* Begin PBXFileReference section */
		02096AC12A6A41A70078374F /* TikTok.app */ = {isa = PBXFileReference; explicitFileType = wrapper.application; includeInIndex = 0; path = TikTok.app; sourceTree = BUILT_PRODUCTS_DIR; };
		02096AC42A6A41A70078374F /* AppDelegate.swift */ = {isa = PBXFileReference; lastKnownFileType = sourcecode.swift; path = AppDelegate.swift; sourceTree = "<group>"; };
		02096AC62A6A41A70078374F /* SceneDelegate.swift */ = {isa = PBXFileReference; lastKnownFileType = sourcecode.swift; path = SceneDelegate.swift; sourceTree = "<group>"; };
		02096AC82A6A41A70078374F /* HomeViewController.swift */ = {isa = PBXFileReference; lastKnownFileType = sourcecode.swift; path = HomeViewController.swift; sourceTree = "<group>"; };
		02096ACD2A6A41A80078374F /* Assets.xcassets */ = {isa = PBXFileReference; lastKnownFileType = folder.assetcatalog; path = Assets.xcassets; sourceTree = "<group>"; };
		02096AD02A6A41A80078374F /* Base */ = {isa = PBXFileReference; lastKnownFileType = file.storyboard; name = Base; path = Base.lproj/LaunchScreen.storyboard; sourceTree = "<group>"; };
		02096AD22A6A41A80078374F /* Info.plist */ = {isa = PBXFileReference; lastKnownFileType = text.plist.xml; path = Info.plist; sourceTree = "<group>"; };
		02096AD82A6A45210078374F /* README.md */ = {isa = PBXFileReference; lastKnownFileType = net.daringfireball.markdown; path = README.md; sourceTree = "<group>"; };
		02096ADA2A6A45A00078374F /* Cover.png */ = {isa = PBXFileReference; lastKnownFileType = image.png; path = Cover.png; sourceTree = "<group>"; };
		02096AE22A6A49F10078374F /* BaseViewController.swift */ = {isa = PBXFileReference; lastKnownFileType = sourcecode.swift; path = BaseViewController.swift; sourceTree = "<group>"; };
		02096AE42A6A4ACE0078374F /* MainViewController.swift */ = {isa = PBXFileReference; lastKnownFileType = sourcecode.swift; path = MainViewController.swift; sourceTree = "<group>"; };
		02096AE62A6A4E220078374F /* GoogleService-Info.plist */ = {isa = PBXFileReference; fileEncoding = 4; lastKnownFileType = text.plist.xml; path = "GoogleService-Info.plist"; sourceTree = "<group>"; };
		02598AC52A6CB89F00BB2ACD /* CommentsViewController.swift */ = {isa = PBXFileReference; lastKnownFileType = sourcecode.swift; path = CommentsViewController.swift; sourceTree = "<group>"; };
		02598AC82A6CC88200BB2ACD /* PostComment.swift */ = {isa = PBXFileReference; lastKnownFileType = sourcecode.swift; path = PostComment.swift; sourceTree = "<group>"; };
		02598ACA2A6CC8C800BB2ACD /* Person.swift */ = {isa = PBXFileReference; lastKnownFileType = sourcecode.swift; path = Person.swift; sourceTree = "<group>"; };
		02598ACC2A6CD6D400BB2ACD /* CommentTableViewCell.swift */ = {isa = PBXFileReference; lastKnownFileType = sourcecode.swift; path = CommentTableViewCell.swift; sourceTree = "<group>"; };
		02598ACE2A6CDA5B00BB2ACD /* String+Extension.swift */ = {isa = PBXFileReference; lastKnownFileType = sourcecode.swift; path = "String+Extension.swift"; sourceTree = "<group>"; };
		02598AD02A6CDAA800BB2ACD /* DateFormatter+Extension.swift */ = {isa = PBXFileReference; lastKnownFileType = sourcecode.swift; path = "DateFormatter+Extension.swift"; sourceTree = "<group>"; };
		026ECC902A6EE2A600697757 /* ProfileViewController.swift */ = {isa = PBXFileReference; lastKnownFileType = sourcecode.swift; path = ProfileViewController.swift; sourceTree = "<group>"; };
		026ECC922A6EE48000697757 /* video.mp4 */ = {isa = PBXFileReference; lastKnownFileType = file; path = video.mp4; sourceTree = "<group>"; };
		026ECC952A6EEFFD00697757 /* ExploreViewController.swift */ = {isa = PBXFileReference; lastKnownFileType = sourcecode.swift; path = ExploreViewController.swift; sourceTree = "<group>"; };
		026ECC982A6F540E00697757 /* ExploreSection.swift */ = {isa = PBXFileReference; lastKnownFileType = sourcecode.swift; path = ExploreSection.swift; sourceTree = "<group>"; };
		026ECC9A2A6F542C00697757 /* ExploreCell.swift */ = {isa = PBXFileReference; lastKnownFileType = sourcecode.swift; path = ExploreCell.swift; sourceTree = "<group>"; };
		026ECC9C2A6F544200697757 /* ExploreSectionType.swift */ = {isa = PBXFileReference; lastKnownFileType = sourcecode.swift; path = ExploreSectionType.swift; sourceTree = "<group>"; };
		026ECC9E2A6F545B00697757 /* ExploreResponse.swift */ = {isa = PBXFileReference; lastKnownFileType = sourcecode.swift; path = ExploreResponse.swift; sourceTree = "<group>"; };
		026ECCA02A6F548800697757 /* Banner.swift */ = {isa = PBXFileReference; lastKnownFileType = sourcecode.swift; path = Banner.swift; sourceTree = "<group>"; };
		026ECCA42A6F54BE00697757 /* Post.swift */ = {isa = PBXFileReference; lastKnownFileType = sourcecode.swift; path = Post.swift; sourceTree = "<group>"; };
		026ECCA62A6F54E100697757 /* Hashtag.swift */ = {isa = PBXFileReference; lastKnownFileType = sourcecode.swift; path = Hashtag.swift; sourceTree = "<group>"; };
		026ECCA82A6F54F400697757 /* Creator.swift */ = {isa = PBXFileReference; lastKnownFileType = sourcecode.swift; path = Creator.swift; sourceTree = "<group>"; };
		026F49622A6FB9EB00F3A7D0 /* explore.json */ = {isa = PBXFileReference; fileEncoding = 4; lastKnownFileType = text.json; path = explore.json; sourceTree = "<group>"; };
		026F49642A6FBA6500F3A7D0 /* Bundle+Extension.swift */ = {isa = PBXFileReference; lastKnownFileType = sourcecode.swift; path = "Bundle+Extension.swift"; sourceTree = "<group>"; };
		026F49662A6FBAAA00F3A7D0 /* ExploreManager.swift */ = {isa = PBXFileReference; lastKnownFileType = sourcecode.swift; path = ExploreManager.swift; sourceTree = "<group>"; };
		026F49692A6FCCB900F3A7D0 /* ExploreBannerViewModel.swift */ = {isa = PBXFileReference; lastKnownFileType = sourcecode.swift; path = ExploreBannerViewModel.swift; sourceTree = "<group>"; };
		028563192A6AEB820022C49E /* PostViewController.swift */ = {isa = PBXFileReference; lastKnownFileType = sourcecode.swift; path = PostViewController.swift; sourceTree = "<group>"; };
		0285631B2A6AEB9B0022C49E /* PostModel.swift */ = {isa = PBXFileReference; lastKnownFileType = sourcecode.swift; path = PostModel.swift; sourceTree = "<group>"; };
		02B0B5E32A6A87760057455C /* StorageManager.swift */ = {isa = PBXFileReference; lastKnownFileType = sourcecode.swift; path = StorageManager.swift; sourceTree = "<group>"; };
		02B0B5E52A6A88210057455C /* DatabaseManager.swift */ = {isa = PBXFileReference; lastKnownFileType = sourcecode.swift; path = DatabaseManager.swift; sourceTree = "<group>"; };
		02B0B5E72A6A88AC0057455C /* AuthManager.swift */ = {isa = PBXFileReference; lastKnownFileType = sourcecode.swift; path = AuthManager.swift; sourceTree = "<group>"; };
		02B0B5E92A6A89470057455C /* HapticsManager.swift */ = {isa = PBXFileReference; lastKnownFileType = sourcecode.swift; path = HapticsManager.swift; sourceTree = "<group>"; };
		02B0B5EC2A6A8F2B0057455C /* UIView+Extensions.swift */ = {isa = PBXFileReference; lastKnownFileType = sourcecode.swift; path = "UIView+Extensions.swift"; sourceTree = "<group>"; };
		02CB80422A70D55100D59694 /* ExploreBannerCollectionViewCell.swift */ = {isa = PBXFileReference; lastKnownFileType = sourcecode.swift; path = ExploreBannerCollectionViewCell.swift; sourceTree = "<group>"; };
		02CB80442A70D82900D59694 /* ExplorePostCollectionViewCell.swift */ = {isa = PBXFileReference; lastKnownFileType = sourcecode.swift; path = ExplorePostCollectionViewCell.swift; sourceTree = "<group>"; };
		02CB80462A70E59700D59694 /* ExploreUserCollectionViewCell.swift */ = {isa = PBXFileReference; lastKnownFileType = sourcecode.swift; path = ExploreUserCollectionViewCell.swift; sourceTree = "<group>"; };
		02CB80482A70E69900D59694 /* ExploreHashtagCollectionViewCell.swift */ = {isa = PBXFileReference; lastKnownFileType = sourcecode.swift; path = ExploreHashtagCollectionViewCell.swift; sourceTree = "<group>"; };
		71759A68B8F3BD5DA24F623F /* Pods-TikTok.debug.xcconfig */ = {isa = PBXFileReference; includeInIndex = 1; lastKnownFileType = text.xcconfig; name = "Pods-TikTok.debug.xcconfig"; path = "Target Support Files/Pods-TikTok/Pods-TikTok.debug.xcconfig"; sourceTree = "<group>"; };
		9EDCDC64B406B720D49A96C2 /* Pods-TikTok.release.xcconfig */ = {isa = PBXFileReference; includeInIndex = 1; lastKnownFileType = text.xcconfig; name = "Pods-TikTok.release.xcconfig"; path = "Target Support Files/Pods-TikTok/Pods-TikTok.release.xcconfig"; sourceTree = "<group>"; };
		C97EFA2075DD4092B4BA70E4 /* Pods_TikTok.framework */ = {isa = PBXFileReference; explicitFileType = wrapper.framework; includeInIndex = 0; path = Pods_TikTok.framework; sourceTree = BUILT_PRODUCTS_DIR; };
/* End PBXFileReference section */

/* Begin PBXFrameworksBuildPhase section */
		02096ABE2A6A41A70078374F /* Frameworks */ = {
			isa = PBXFrameworksBuildPhase;
			buildActionMask = 2147483647;
			files = (
				868D10F7A1AB9FBB30A76B1F /* Pods_TikTok.framework in Frameworks */,
			);
			runOnlyForDeploymentPostprocessing = 0;
		};
/* End PBXFrameworksBuildPhase section */

/* Begin PBXGroup section */
		02096AB82A6A41A70078374F = {
			isa = PBXGroup;
			children = (
				02096AD82A6A45210078374F /* README.md */,
				02096AD92A6A45840078374F /* img */,
				02096AC32A6A41A70078374F /* TikTok */,
				02096AC22A6A41A70078374F /* Products */,
				5EF3FE96293DA0A9982AA299 /* Pods */,
				FEF53946B40F3B070AF65314 /* Frameworks */,
			);
			sourceTree = "<group>";
		};
		02096AC22A6A41A70078374F /* Products */ = {
			isa = PBXGroup;
			children = (
				02096AC12A6A41A70078374F /* TikTok.app */,
			);
			name = Products;
			sourceTree = "<group>";
		};
		02096AC32A6A41A70078374F /* TikTok */ = {
			isa = PBXGroup;
			children = (
				02096ADC2A6A49120078374F /* App */,
				02598AC72A6CC87000BB2ACD /* Models */,
				02B0B5E22A6A875A0057455C /* Managers */,
				02096AE02A6A49A80078374F /* Core */,
				02096ADD2A6A49190078374F /* Supporting Files */,
				02096ADF2A6A49430078374F /* Features */,
			);
			path = TikTok;
			sourceTree = "<group>";
		};
		02096AD92A6A45840078374F /* img */ = {
			isa = PBXGroup;
			children = (
				02096ADA2A6A45A00078374F /* Cover.png */,
			);
			path = img;
			sourceTree = "<group>";
		};
		02096ADC2A6A49120078374F /* App */ = {
			isa = PBXGroup;
			children = (
				02096AC42A6A41A70078374F /* AppDelegate.swift */,
				02096AC62A6A41A70078374F /* SceneDelegate.swift */,
				02096AE42A6A4ACE0078374F /* MainViewController.swift */,
			);
			path = App;
			sourceTree = "<group>";
		};
		02096ADD2A6A49190078374F /* Supporting Files */ = {
			isa = PBXGroup;
			children = (
				02096ACD2A6A41A80078374F /* Assets.xcassets */,
				026F49622A6FB9EB00F3A7D0 /* explore.json */,
				026ECC922A6EE48000697757 /* video.mp4 */,
				02096ACF2A6A41A80078374F /* LaunchScreen.storyboard */,
				02096AE62A6A4E220078374F /* GoogleService-Info.plist */,
				02096AD22A6A41A80078374F /* Info.plist */,
			);
			name = "Supporting Files";
			sourceTree = "<group>";
		};
		02096ADE2A6A493C0078374F /* Home */ = {
			isa = PBXGroup;
			children = (
				02096AC82A6A41A70078374F /* HomeViewController.swift */,
			);
			path = Home;
			sourceTree = "<group>";
		};
		02096ADF2A6A49430078374F /* Features */ = {
			isa = PBXGroup;
			children = (
				026ECC942A6EEFED00697757 /* Explore */,
				026ECC8F2A6EE28500697757 /* Profile */,
				02598AC42A6CB88A00BB2ACD /* Comments */,
				028563182A6AEB710022C49E /* Post */,
				02096ADE2A6A493C0078374F /* Home */,
			);
			path = Features;
			sourceTree = "<group>";
		};
		02096AE02A6A49A80078374F /* Core */ = {
			isa = PBXGroup;
			children = (
				02B0B5EB2A6A8ED10057455C /* Extensions */,
				02096AE12A6A49B20078374F /* Base */,
			);
			path = Core;
			sourceTree = "<group>";
		};
		02096AE12A6A49B20078374F /* Base */ = {
			isa = PBXGroup;
			children = (
				02096AE22A6A49F10078374F /* BaseViewController.swift */,
			);
			path = Base;
			sourceTree = "<group>";
		};
		02598AC42A6CB88A00BB2ACD /* Comments */ = {
			isa = PBXGroup;
			children = (
				02598AC52A6CB89F00BB2ACD /* CommentsViewController.swift */,
				02598ACC2A6CD6D400BB2ACD /* CommentTableViewCell.swift */,
			);
			path = Comments;
			sourceTree = "<group>";
		};
		02598AC72A6CC87000BB2ACD /* Models */ = {
			isa = PBXGroup;
			children = (
				0285631B2A6AEB9B0022C49E /* PostModel.swift */,
				02598AC82A6CC88200BB2ACD /* PostComment.swift */,
				02598ACA2A6CC8C800BB2ACD /* Person.swift */,
			);
			path = Models;
			sourceTree = "<group>";
		};
		026ECC8F2A6EE28500697757 /* Profile */ = {
			isa = PBXGroup;
			children = (
				026ECC902A6EE2A600697757 /* ProfileViewController.swift */,
			);
			path = Profile;
			sourceTree = "<group>";
		};
		026ECC942A6EEFED00697757 /* Explore */ = {
			isa = PBXGroup;
			children = (
				02CB80412A70D52700D59694 /* Cell */,
				026F49682A6FCC8900F3A7D0 /* ViewModel */,
				026ECC972A6F53F600697757 /* Model */,
				026ECC952A6EEFFD00697757 /* ExploreViewController.swift */,
			);
			path = Explore;
			sourceTree = "<group>";
		};
		026ECC972A6F53F600697757 /* Model */ = {
			isa = PBXGroup;
			children = (
				026ECC982A6F540E00697757 /* ExploreSection.swift */,
				026ECC9A2A6F542C00697757 /* ExploreCell.swift */,
				026ECC9C2A6F544200697757 /* ExploreSectionType.swift */,
				026ECC9E2A6F545B00697757 /* ExploreResponse.swift */,
				026ECCA02A6F548800697757 /* Banner.swift */,
				026ECCA42A6F54BE00697757 /* Post.swift */,
				026ECCA62A6F54E100697757 /* Hashtag.swift */,
				026ECCA82A6F54F400697757 /* Creator.swift */,
			);
			path = Model;
			sourceTree = "<group>";
		};
		026F49682A6FCC8900F3A7D0 /* ViewModel */ = {
			isa = PBXGroup;
			children = (
				026F49692A6FCCB900F3A7D0 /* ExploreBannerViewModel.swift */,
			);
			path = ViewModel;
			sourceTree = "<group>";
		};
		028563182A6AEB710022C49E /* Post */ = {
			isa = PBXGroup;
			children = (
				028563192A6AEB820022C49E /* PostViewController.swift */,
			);
			path = Post;
			sourceTree = "<group>";
		};
		02B0B5E22A6A875A0057455C /* Managers */ = {
			isa = PBXGroup;
			children = (
				02B0B5E32A6A87760057455C /* StorageManager.swift */,
				02B0B5E52A6A88210057455C /* DatabaseManager.swift */,
				02B0B5E72A6A88AC0057455C /* AuthManager.swift */,
				02B0B5E92A6A89470057455C /* HapticsManager.swift */,
				026F49662A6FBAAA00F3A7D0 /* ExploreManager.swift */,
			);
			path = Managers;
			sourceTree = "<group>";
		};
		02B0B5EB2A6A8ED10057455C /* Extensions */ = {
			isa = PBXGroup;
			children = (
				02B0B5EC2A6A8F2B0057455C /* UIView+Extensions.swift */,
				02598ACE2A6CDA5B00BB2ACD /* String+Extension.swift */,
				02598AD02A6CDAA800BB2ACD /* DateFormatter+Extension.swift */,
				026F49642A6FBA6500F3A7D0 /* Bundle+Extension.swift */,
			);
			path = Extensions;
			sourceTree = "<group>";
		};
		02CB80412A70D52700D59694 /* Cell */ = {
			isa = PBXGroup;
			children = (
				02CB80422A70D55100D59694 /* ExploreBannerCollectionViewCell.swift */,
				02CB80442A70D82900D59694 /* ExplorePostCollectionViewCell.swift */,
				02CB80462A70E59700D59694 /* ExploreUserCollectionViewCell.swift */,
				02CB80482A70E69900D59694 /* ExploreHashtagCollectionViewCell.swift */,
			);
			path = Cell;
			sourceTree = "<group>";
		};
		5EF3FE96293DA0A9982AA299 /* Pods */ = {
			isa = PBXGroup;
			children = (
				71759A68B8F3BD5DA24F623F /* Pods-TikTok.debug.xcconfig */,
				9EDCDC64B406B720D49A96C2 /* Pods-TikTok.release.xcconfig */,
			);
			path = Pods;
			sourceTree = "<group>";
		};
		FEF53946B40F3B070AF65314 /* Frameworks */ = {
			isa = PBXGroup;
			children = (
				C97EFA2075DD4092B4BA70E4 /* Pods_TikTok.framework */,
			);
			name = Frameworks;
			sourceTree = "<group>";
		};
/* End PBXGroup section */

/* Begin PBXNativeTarget section */
		02096AC02A6A41A70078374F /* TikTok */ = {
			isa = PBXNativeTarget;
			buildConfigurationList = 02096AD52A6A41A80078374F /* Build configuration list for PBXNativeTarget "TikTok" */;
			buildPhases = (
				2EA85DB9CFF296461CABC564 /* [CP] Check Pods Manifest.lock */,
				02096ABD2A6A41A70078374F /* Sources */,
				02096ABE2A6A41A70078374F /* Frameworks */,
				02096ABF2A6A41A70078374F /* Resources */,
				A34DBE05AE6D16DF15B6BE12 /* [CP] Embed Pods Frameworks */,
			);
			buildRules = (
			);
			dependencies = (
			);
			name = TikTok;
			productName = TikTok;
			productReference = 02096AC12A6A41A70078374F /* TikTok.app */;
			productType = "com.apple.product-type.application";
		};
/* End PBXNativeTarget section */

/* Begin PBXProject section */
		02096AB92A6A41A70078374F /* Project object */ = {
			isa = PBXProject;
			attributes = {
				BuildIndependentTargetsInParallel = 1;
				LastSwiftUpdateCheck = 1430;
				LastUpgradeCheck = 1430;
				TargetAttributes = {
					02096AC02A6A41A70078374F = {
						CreatedOnToolsVersion = 14.3.1;
					};
				};
			};
			buildConfigurationList = 02096ABC2A6A41A70078374F /* Build configuration list for PBXProject "TikTok" */;
			compatibilityVersion = "Xcode 14.0";
			developmentRegion = en;
			hasScannedForEncodings = 0;
			knownRegions = (
				en,
				Base,
			);
			mainGroup = 02096AB82A6A41A70078374F;
			productRefGroup = 02096AC22A6A41A70078374F /* Products */;
			projectDirPath = "";
			projectRoot = "";
			targets = (
				02096AC02A6A41A70078374F /* TikTok */,
			);
		};
/* End PBXProject section */

/* Begin PBXResourcesBuildPhase section */
		02096ABF2A6A41A70078374F /* Resources */ = {
			isa = PBXResourcesBuildPhase;
			buildActionMask = 2147483647;
			files = (
				02096AD12A6A41A80078374F /* LaunchScreen.storyboard in Resources */,
				026F49632A6FB9EB00F3A7D0 /* explore.json in Resources */,
				026ECC932A6EE48000697757 /* video.mp4 in Resources */,
				02096AE72A6A4E220078374F /* GoogleService-Info.plist in Resources */,
				02096ADB2A6A45A00078374F /* Cover.png in Resources */,
				02096ACE2A6A41A80078374F /* Assets.xcassets in Resources */,
			);
			runOnlyForDeploymentPostprocessing = 0;
		};
/* End PBXResourcesBuildPhase section */

/* Begin PBXShellScriptBuildPhase section */
		2EA85DB9CFF296461CABC564 /* [CP] Check Pods Manifest.lock */ = {
			isa = PBXShellScriptBuildPhase;
			buildActionMask = 2147483647;
			files = (
			);
			inputFileListPaths = (
			);
			inputPaths = (
				"${PODS_PODFILE_DIR_PATH}/Podfile.lock",
				"${PODS_ROOT}/Manifest.lock",
			);
			name = "[CP] Check Pods Manifest.lock";
			outputFileListPaths = (
			);
			outputPaths = (
				"$(DERIVED_FILE_DIR)/Pods-TikTok-checkManifestLockResult.txt",
			);
			runOnlyForDeploymentPostprocessing = 0;
			shellPath = /bin/sh;
			shellScript = "diff \"${PODS_PODFILE_DIR_PATH}/Podfile.lock\" \"${PODS_ROOT}/Manifest.lock\" > /dev/null\nif [ $? != 0 ] ; then\n    # print error to STDERR\n    echo \"error: The sandbox is not in sync with the Podfile.lock. Run 'pod install' or update your CocoaPods installation.\" >&2\n    exit 1\nfi\n# This output is used by Xcode 'outputs' to avoid re-running this script phase.\necho \"SUCCESS\" > \"${SCRIPT_OUTPUT_FILE_0}\"\n";
			showEnvVarsInLog = 0;
		};
		A34DBE05AE6D16DF15B6BE12 /* [CP] Embed Pods Frameworks */ = {
			isa = PBXShellScriptBuildPhase;
			buildActionMask = 2147483647;
			files = (
			);
			inputFileListPaths = (
				"${PODS_ROOT}/Target Support Files/Pods-TikTok/Pods-TikTok-frameworks-${CONFIGURATION}-input-files.xcfilelist",
			);
			name = "[CP] Embed Pods Frameworks";
			outputFileListPaths = (
				"${PODS_ROOT}/Target Support Files/Pods-TikTok/Pods-TikTok-frameworks-${CONFIGURATION}-output-files.xcfilelist",
			);
			runOnlyForDeploymentPostprocessing = 0;
			shellPath = /bin/sh;
			shellScript = "\"${PODS_ROOT}/Target Support Files/Pods-TikTok/Pods-TikTok-frameworks.sh\"\n";
			showEnvVarsInLog = 0;
		};
/* End PBXShellScriptBuildPhase section */

/* Begin PBXSourcesBuildPhase section */
		02096ABD2A6A41A70078374F /* Sources */ = {
			isa = PBXSourcesBuildPhase;
			buildActionMask = 2147483647;
			files = (
				02598ACB2A6CC8C800BB2ACD /* Person.swift in Sources */,
				02CB80492A70E69900D59694 /* ExploreHashtagCollectionViewCell.swift in Sources */,
				02B0B5EA2A6A89470057455C /* HapticsManager.swift in Sources */,
				02598AC62A6CB89F00BB2ACD /* CommentsViewController.swift in Sources */,
				0285631C2A6AEB9B0022C49E /* PostModel.swift in Sources */,
				02096AC92A6A41A70078374F /* HomeViewController.swift in Sources */,
				02B0B5E82A6A88AC0057455C /* AuthManager.swift in Sources */,
				02096AE32A6A49F10078374F /* BaseViewController.swift in Sources */,
				02B0B5ED2A6A8F2B0057455C /* UIView+Extensions.swift in Sources */,
				02598ACF2A6CDA5B00BB2ACD /* String+Extension.swift in Sources */,
				026ECC912A6EE2A600697757 /* ProfileViewController.swift in Sources */,
				02598AC92A6CC88200BB2ACD /* PostComment.swift in Sources */,
				02CB80452A70D82900D59694 /* ExplorePostCollectionViewCell.swift in Sources */,
				026ECC9B2A6F542C00697757 /* ExploreCell.swift in Sources */,
				026ECCA72A6F54E100697757 /* Hashtag.swift in Sources */,
				02096AC52A6A41A70078374F /* AppDelegate.swift in Sources */,
				026F49652A6FBA6500F3A7D0 /* Bundle+Extension.swift in Sources */,
				026ECC992A6F540E00697757 /* ExploreSection.swift in Sources */,
				026ECC9F2A6F545B00697757 /* ExploreResponse.swift in Sources */,
				026ECC962A6EEFFD00697757 /* ExploreViewController.swift in Sources */,
				026ECC9D2A6F544200697757 /* ExploreSectionType.swift in Sources */,
				026ECCA92A6F54F400697757 /* Creator.swift in Sources */,
				02CB80472A70E59700D59694 /* ExploreUserCollectionViewCell.swift in Sources */,
				02B0B5E42A6A87760057455C /* StorageManager.swift in Sources */,
				02598ACD2A6CD6D400BB2ACD /* CommentTableViewCell.swift in Sources */,
				02096AC72A6A41A70078374F /* SceneDelegate.swift in Sources */,
				026F496A2A6FCCB900F3A7D0 /* ExploreBannerViewModel.swift in Sources */,
				02598AD12A6CDAA800BB2ACD /* DateFormatter+Extension.swift in Sources */,
				02096AE52A6A4ACE0078374F /* MainViewController.swift in Sources */,
				026ECCA12A6F548800697757 /* Banner.swift in Sources */,
				026ECCA52A6F54BE00697757 /* Post.swift in Sources */,
				02CB80432A70D55100D59694 /* ExploreBannerCollectionViewCell.swift in Sources */,
				026F49672A6FBAAA00F3A7D0 /* ExploreManager.swift in Sources */,
				02B0B5E62A6A88210057455C /* DatabaseManager.swift in Sources */,
				0285631A2A6AEB820022C49E /* PostViewController.swift in Sources */,
			);
			runOnlyForDeploymentPostprocessing = 0;
		};
/* End PBXSourcesBuildPhase section */

/* Begin PBXVariantGroup section */
		02096ACF2A6A41A80078374F /* LaunchScreen.storyboard */ = {
			isa = PBXVariantGroup;
			children = (
				02096AD02A6A41A80078374F /* Base */,
			);
			name = LaunchScreen.storyboard;
			sourceTree = "<group>";
		};
/* End PBXVariantGroup section */

/* Begin XCBuildConfiguration section */
		02096AD32A6A41A80078374F /* Debug */ = {
			isa = XCBuildConfiguration;
			buildSettings = {
				ALWAYS_SEARCH_USER_PATHS = NO;
				CLANG_ANALYZER_NONNULL = YES;
				CLANG_ANALYZER_NUMBER_OBJECT_CONVERSION = YES_AGGRESSIVE;
				CLANG_CXX_LANGUAGE_STANDARD = "gnu++20";
				CLANG_ENABLE_MODULES = YES;
				CLANG_ENABLE_OBJC_ARC = YES;
				CLANG_ENABLE_OBJC_WEAK = YES;
				CLANG_WARN_BLOCK_CAPTURE_AUTORELEASING = YES;
				CLANG_WARN_BOOL_CONVERSION = YES;
				CLANG_WARN_COMMA = YES;
				CLANG_WARN_CONSTANT_CONVERSION = YES;
				CLANG_WARN_DEPRECATED_OBJC_IMPLEMENTATIONS = YES;
				CLANG_WARN_DIRECT_OBJC_ISA_USAGE = YES_ERROR;
				CLANG_WARN_DOCUMENTATION_COMMENTS = YES;
				CLANG_WARN_EMPTY_BODY = YES;
				CLANG_WARN_ENUM_CONVERSION = YES;
				CLANG_WARN_INFINITE_RECURSION = YES;
				CLANG_WARN_INT_CONVERSION = YES;
				CLANG_WARN_NON_LITERAL_NULL_CONVERSION = YES;
				CLANG_WARN_OBJC_IMPLICIT_RETAIN_SELF = YES;
				CLANG_WARN_OBJC_LITERAL_CONVERSION = YES;
				CLANG_WARN_OBJC_ROOT_CLASS = YES_ERROR;
				CLANG_WARN_QUOTED_INCLUDE_IN_FRAMEWORK_HEADER = YES;
				CLANG_WARN_RANGE_LOOP_ANALYSIS = YES;
				CLANG_WARN_STRICT_PROTOTYPES = YES;
				CLANG_WARN_SUSPICIOUS_MOVE = YES;
				CLANG_WARN_UNGUARDED_AVAILABILITY = YES_AGGRESSIVE;
				CLANG_WARN_UNREACHABLE_CODE = YES;
				CLANG_WARN__DUPLICATE_METHOD_MATCH = YES;
				COPY_PHASE_STRIP = NO;
				DEBUG_INFORMATION_FORMAT = dwarf;
				ENABLE_STRICT_OBJC_MSGSEND = YES;
				ENABLE_TESTABILITY = YES;
				GCC_C_LANGUAGE_STANDARD = gnu11;
				GCC_DYNAMIC_NO_PIC = NO;
				GCC_NO_COMMON_BLOCKS = YES;
				GCC_OPTIMIZATION_LEVEL = 0;
				GCC_PREPROCESSOR_DEFINITIONS = (
					"DEBUG=1",
					"$(inherited)",
				);
				GCC_WARN_64_TO_32_BIT_CONVERSION = YES;
				GCC_WARN_ABOUT_RETURN_TYPE = YES_ERROR;
				GCC_WARN_UNDECLARED_SELECTOR = YES;
				GCC_WARN_UNINITIALIZED_AUTOS = YES_AGGRESSIVE;
				GCC_WARN_UNUSED_FUNCTION = YES;
				GCC_WARN_UNUSED_VARIABLE = YES;
				IPHONEOS_DEPLOYMENT_TARGET = 16.0;
				MTL_ENABLE_DEBUG_INFO = INCLUDE_SOURCE;
				MTL_FAST_MATH = YES;
				ONLY_ACTIVE_ARCH = YES;
				SDKROOT = iphoneos;
				SWIFT_ACTIVE_COMPILATION_CONDITIONS = DEBUG;
				SWIFT_OPTIMIZATION_LEVEL = "-Onone";
			};
			name = Debug;
		};
		02096AD42A6A41A80078374F /* Release */ = {
			isa = XCBuildConfiguration;
			buildSettings = {
				ALWAYS_SEARCH_USER_PATHS = NO;
				CLANG_ANALYZER_NONNULL = YES;
				CLANG_ANALYZER_NUMBER_OBJECT_CONVERSION = YES_AGGRESSIVE;
				CLANG_CXX_LANGUAGE_STANDARD = "gnu++20";
				CLANG_ENABLE_MODULES = YES;
				CLANG_ENABLE_OBJC_ARC = YES;
				CLANG_ENABLE_OBJC_WEAK = YES;
				CLANG_WARN_BLOCK_CAPTURE_AUTORELEASING = YES;
				CLANG_WARN_BOOL_CONVERSION = YES;
				CLANG_WARN_COMMA = YES;
				CLANG_WARN_CONSTANT_CONVERSION = YES;
				CLANG_WARN_DEPRECATED_OBJC_IMPLEMENTATIONS = YES;
				CLANG_WARN_DIRECT_OBJC_ISA_USAGE = YES_ERROR;
				CLANG_WARN_DOCUMENTATION_COMMENTS = YES;
				CLANG_WARN_EMPTY_BODY = YES;
				CLANG_WARN_ENUM_CONVERSION = YES;
				CLANG_WARN_INFINITE_RECURSION = YES;
				CLANG_WARN_INT_CONVERSION = YES;
				CLANG_WARN_NON_LITERAL_NULL_CONVERSION = YES;
				CLANG_WARN_OBJC_IMPLICIT_RETAIN_SELF = YES;
				CLANG_WARN_OBJC_LITERAL_CONVERSION = YES;
				CLANG_WARN_OBJC_ROOT_CLASS = YES_ERROR;
				CLANG_WARN_QUOTED_INCLUDE_IN_FRAMEWORK_HEADER = YES;
				CLANG_WARN_RANGE_LOOP_ANALYSIS = YES;
				CLANG_WARN_STRICT_PROTOTYPES = YES;
				CLANG_WARN_SUSPICIOUS_MOVE = YES;
				CLANG_WARN_UNGUARDED_AVAILABILITY = YES_AGGRESSIVE;
				CLANG_WARN_UNREACHABLE_CODE = YES;
				CLANG_WARN__DUPLICATE_METHOD_MATCH = YES;
				COPY_PHASE_STRIP = NO;
				DEBUG_INFORMATION_FORMAT = "dwarf-with-dsym";
				ENABLE_NS_ASSERTIONS = NO;
				ENABLE_STRICT_OBJC_MSGSEND = YES;
				GCC_C_LANGUAGE_STANDARD = gnu11;
				GCC_NO_COMMON_BLOCKS = YES;
				GCC_WARN_64_TO_32_BIT_CONVERSION = YES;
				GCC_WARN_ABOUT_RETURN_TYPE = YES_ERROR;
				GCC_WARN_UNDECLARED_SELECTOR = YES;
				GCC_WARN_UNINITIALIZED_AUTOS = YES_AGGRESSIVE;
				GCC_WARN_UNUSED_FUNCTION = YES;
				GCC_WARN_UNUSED_VARIABLE = YES;
				IPHONEOS_DEPLOYMENT_TARGET = 16.0;
				MTL_ENABLE_DEBUG_INFO = NO;
				MTL_FAST_MATH = YES;
				SDKROOT = iphoneos;
				SWIFT_COMPILATION_MODE = wholemodule;
				SWIFT_OPTIMIZATION_LEVEL = "-O";
				VALIDATE_PRODUCT = YES;
			};
			name = Release;
		};
		02096AD62A6A41A80078374F /* Debug */ = {
			isa = XCBuildConfiguration;
			baseConfigurationReference = 71759A68B8F3BD5DA24F623F /* Pods-TikTok.debug.xcconfig */;
			buildSettings = {
				ASSETCATALOG_COMPILER_APPICON_NAME = AppIcon;
				ASSETCATALOG_COMPILER_GLOBAL_ACCENT_COLOR_NAME = AccentColor;
				CODE_SIGN_STYLE = Automatic;
				CURRENT_PROJECT_VERSION = 1;
				DEBUG_INFORMATION_FORMAT = dwarf;
				DEVELOPMENT_TEAM = 723HTEFHBA;
				GENERATE_INFOPLIST_FILE = YES;
				INFOPLIST_FILE = TikTok/Info.plist;
				INFOPLIST_KEY_LSApplicationCategoryType = "public.app-category.social-networking";
				INFOPLIST_KEY_UIApplicationSupportsIndirectInputEvents = YES;
				INFOPLIST_KEY_UILaunchStoryboardName = LaunchScreen;
				INFOPLIST_KEY_UISupportedInterfaceOrientations = UIInterfaceOrientationPortrait;
				INFOPLIST_KEY_UISupportedInterfaceOrientations_iPad = "UIInterfaceOrientationLandscapeLeft UIInterfaceOrientationLandscapeRight UIInterfaceOrientationPortrait UIInterfaceOrientationPortraitUpsideDown";
				IPHONEOS_DEPLOYMENT_TARGET = 16.0;
				LD_RUNPATH_SEARCH_PATHS = (
					"$(inherited)",
					"@executable_path/Frameworks",
				);
				MARKETING_VERSION = 0.1.1;
				PRODUCT_BUNDLE_IDENTIFIER = ru.fibeapp.TikTok;
				PRODUCT_NAME = "$(TARGET_NAME)";
				SWIFT_EMIT_LOC_STRINGS = YES;
				SWIFT_VERSION = 5.0;
				TARGETED_DEVICE_FAMILY = "1,2";
			};
			name = Debug;
		};
		02096AD72A6A41A80078374F /* Release */ = {
			isa = XCBuildConfiguration;
			baseConfigurationReference = 9EDCDC64B406B720D49A96C2 /* Pods-TikTok.release.xcconfig */;
			buildSettings = {
				ASSETCATALOG_COMPILER_APPICON_NAME = AppIcon;
				ASSETCATALOG_COMPILER_GLOBAL_ACCENT_COLOR_NAME = AccentColor;
				CODE_SIGN_STYLE = Automatic;
				CURRENT_PROJECT_VERSION = 1;
				DEVELOPMENT_TEAM = 723HTEFHBA;
				GENERATE_INFOPLIST_FILE = YES;
				INFOPLIST_FILE = TikTok/Info.plist;
				INFOPLIST_KEY_LSApplicationCategoryType = "public.app-category.social-networking";
				INFOPLIST_KEY_UIApplicationSupportsIndirectInputEvents = YES;
				INFOPLIST_KEY_UILaunchStoryboardName = LaunchScreen;
				INFOPLIST_KEY_UISupportedInterfaceOrientations = UIInterfaceOrientationPortrait;
				INFOPLIST_KEY_UISupportedInterfaceOrientations_iPad = "UIInterfaceOrientationLandscapeLeft UIInterfaceOrientationLandscapeRight UIInterfaceOrientationPortrait UIInterfaceOrientationPortraitUpsideDown";
				IPHONEOS_DEPLOYMENT_TARGET = 16.0;
				LD_RUNPATH_SEARCH_PATHS = (
					"$(inherited)",
					"@executable_path/Frameworks",
				);
				MARKETING_VERSION = 0.1.1;
				PRODUCT_BUNDLE_IDENTIFIER = ru.fibeapp.TikTok;
				PRODUCT_NAME = "$(TARGET_NAME)";
				SWIFT_EMIT_LOC_STRINGS = YES;
				SWIFT_VERSION = 5.0;
				TARGETED_DEVICE_FAMILY = "1,2";
			};
			name = Release;
		};
/* End XCBuildConfiguration section */

/* Begin XCConfigurationList section */
		02096ABC2A6A41A70078374F /* Build configuration list for PBXProject "TikTok" */ = {
			isa = XCConfigurationList;
			buildConfigurations = (
				02096AD32A6A41A80078374F /* Debug */,
				02096AD42A6A41A80078374F /* Release */,
			);
			defaultConfigurationIsVisible = 0;
			defaultConfigurationName = Release;
		};
		02096AD52A6A41A80078374F /* Build configuration list for PBXNativeTarget "TikTok" */ = {
			isa = XCConfigurationList;
			buildConfigurations = (
				02096AD62A6A41A80078374F /* Debug */,
				02096AD72A6A41A80078374F /* Release */,
			);
			defaultConfigurationIsVisible = 0;
			defaultConfigurationName = Release;
		};
/* End XCConfigurationList section */
	};
	rootObject = 02096AB92A6A41A70078374F /* Project object */;
}
